PODS:
  - email_launcher (0.0.1):
    - Flutter
  - Flutter (1.0.0)

DEPENDENCIES:
  - email_launcher (from `.symlinks/plugins/email_launcher/ios`)
  - Flutter (from `Flutter`)

EXTERNAL SOURCES:
  email_launcher:
    :path: ".symlinks/plugins/email_launcher/ios"
  Flutter:
    :path: Flutter

SPEC CHECKSUMS:
  email_launcher: 28127cf48349f731d39b3ed074dedb6c6fceb687
  Flutter: 434fef37c0980e73bb6479ef766c45957d4b510c

PODFILE CHECKSUM: aafe91acc616949ddb318b77800a7f51bffa2a4c

COCOAPODS: 1.10.0
